
Microsoft Visual Studio Solution File, Format Version 12.00
# Visual Studio Version 17
VisualStudioVersion = 17.8.34309.116
MinimumVisualStudioVersion = 10.0.40219.1
Project("{FAE04EC0-301F-11D3-BF4B-00C04F79EFBC}") = "EWS.PersonInfo", "EWS.PersonInfo.csproj", "{922AE8F8-DDCE-407E-9FDD-940F73DC68A6}"
EndProject
Global
	GlobalSection(SolutionConfigurationPlatforms) = preSolution
		Debug|Any CPU = Debug|Any CPU
		Release|Any CPU = Release|Any CPU
	EndGlobalSection
	GlobalSection(ProjectConfigurationPlatforms) = postSolution
		{922AE8F8-DDCE-407E-9FDD-940F73DC68A6}.Debug|Any CPU.ActiveCfg = Debug|Any CPU
		{922AE8F8-DDCE-407E-9FDD-940F73DC68A6}.Debug|Any CPU.Build.0 = Debug|Any CPU
		{922AE8F8-DDCE-407E-9FDD-940F73DC68A6}.Release|Any CPU.ActiveCfg = Release|Any CPU
		{922AE8F8-DDCE-407E-9FDD-940F73DC68A6}.Release|Any CPU.Build.0 = Release|Any CPU
	EndGlobalSection
	GlobalSection(SolutionProperties) = preSolution
		HideSolutionNode = FALSE
	EndGlobalSection
	GlobalSection(ExtensibilityGlobals) = postSolution
		SolutionGuid = {96598151-E16E-4CF0-9DA3-55604F68863F}
	EndGlobalSection
EndGlobal
